
Microsoft Visual Studio Solution File, Format Version 12.00
# Visual Studio Version 16
VisualStudioVersion = 25.0.1705.1
MinimumVisualStudioVersion = 10.0.40219.1
Project("{FAE04EC0-301F-11D3-BF4B-00C04F79EFBC}") = "internetProg", "internet-prog\internetProg.csproj", "{C5F56B49-F8ED-4383-BF29-25F60630B29A}"
EndProject
Global
	GlobalSection(SolutionConfigurationPlatforms) = preSolution
		Debug|Any CPU = Debug|Any CPU
		Release|Any CPU = Release|Any CPU
	EndGlobalSection
	GlobalSection(ProjectConfigurationPlatforms) = postSolution
		{C5F56B49-F8ED-4383-BF29-25F60630B29A}.Debug|Any CPU.ActiveCfg = Debug|Any CPU
		{C5F56B49-F8ED-4383-BF29-25F60630B29A}.Debug|Any CPU.Build.0 = Debug|Any CPU
		{C5F56B49-F8ED-4383-BF29-25F60630B29A}.Release|Any CPU.ActiveCfg = Release|Any CPU
		{C5F56B49-F8ED-4383-BF29-25F60630B29A}.Release|Any CPU.Build.0 = Release|Any CPU
	EndGlobalSection
	GlobalSection(SolutionProperties) = preSolution
		HideSolutionNode = FALSE
	EndGlobalSection
	GlobalSection(ExtensibilityGlobals) = postSolution
		SolutionGuid = {D4D1C594-2D40-4B24-9698-A92BD86BA289}
	EndGlobalSection
EndGlobal
